
Microsoft Visual Studio Solution File, Format Version 12.00
# Visual Studio Version 17
VisualStudioVersion = 17.1.32228.430
MinimumVisualStudioVersion = 10.0.40219.1
Project("{FAE04EC0-301F-11D3-BF4B-00C04F79EFBC}") = "MvcMovie", "MvcMovie.csproj", "{031C84F4-A2C9-4C5F-8A36-02D602EE0719}"
EndProject
Global
	GlobalSection(SolutionConfigurationPlatforms) = preSolution
		Debug|Any CPU = Debug|Any CPU
		Release|Any CPU = Release|Any CPU
	EndGlobalSection
	GlobalSection(ProjectConfigurationPlatforms) = postSolution
		{031C84F4-A2C9-4C5F-8A36-02D602EE0719}.Debug|Any CPU.ActiveCfg = Debug|Any CPU
		{031C84F4-A2C9-4C5F-8A36-02D602EE0719}.Debug|Any CPU.Build.0 = Debug|Any CPU
		{031C84F4-A2C9-4C5F-8A36-02D602EE0719}.Release|Any CPU.ActiveCfg = Release|Any CPU
		{031C84F4-A2C9-4C5F-8A36-02D602EE0719}.Release|Any CPU.Build.0 = Release|Any CPU
	EndGlobalSection
	GlobalSection(SolutionProperties) = preSolution
		HideSolutionNode = FALSE
	EndGlobalSection
	GlobalSection(ExtensibilityGlobals) = postSolution
		SolutionGuid = {D664F537-1483-4BA0-836A-1D9A2FE6116E}
	EndGlobalSection
EndGlobal
